<?xml version="1.0" encoding="utf-8"?>
<Project ToolsVersion="4.0" xmlns="http://schemas.microsoft.com/developer/msbuild/2003">
  <ItemGroup>
    <Filter Include="Исходные файлы">
      <UniqueIdentifier>{4FC737F1-C7A5-4376-A066-2A32D752A2FF}</UniqueIdentifier>
      <Extensions>cpp;c;cc;cxx;c++;cppm;ixx;def;odl;idl;hpj;bat;asm;asmx</Extensions>
    </Filter>
    <Filter Include="Файлы заголовков">
      <UniqueIdentifier>{93995380-89BD-4b04-88EB-625FBE52EBFB}</UniqueIdentifier>
      <Extensions>h;hh;hpp;hxx;h++;hm;inl;inc;ipp;xsd</Extensions>
    </Filter>
    <Filter Include="Файлы ресурсов">
      <UniqueIdentifier>{67DA6AB6-F800-4c08-8B7A-83BB121AAD01}</UniqueIdentifier>
      <Extensions>rc;ico;cur;bmp;dlg;rc2;rct;bin;rgs;gif;jpg;jpeg;jpe;resx;tiff;tif;png;wav;mfcribbon-ms</Extensions>
    </Filter>
    <Filter Include="Weapons">
      <UniqueIdentifier>{9c57cb4f-b168-40f3-a623-a90537b67ad6}</UniqueIdentifier>
    </Filter>
    <Filter Include="Decorations">
      <UniqueIdentifier>{0efccba1-cd87-494d-b747-9d026d70d08a}</UniqueIdentifier>
    </Filter>
    <Filter Include="File processing">
      <UniqueIdentifier>{0d5652c3-02d8-429d-864a-6c5cb838240e}</UniqueIdentifier>
    </Filter>
  </ItemGroup>
  <ItemGroup>
    <ClCompile Include="MAIN.cpp">
      <Filter>Исходные файлы</Filter>
    </ClCompile>
    <ClCompile Include="player.cpp">
      <Filter>Исходные файлы</Filter>
    </ClCompile>
    <ClCompile Include="services.cpp">
      <Filter>Исходные файлы</Filter>
    </ClCompile>
    <ClCompile Include="enemies.cpp">
      <Filter>Исходные файлы</Filter>
    </ClCompile>
    <ClCompile Include="bow.cpp">
      <Filter>Weapons</Filter>
    </ClCompile>
    <ClCompile Include="castle.cpp">
      <Filter>Decorations</Filter>
    </ClCompile>
    <ClCompile Include="greeting.cpp">
      <Filter>Decorations</Filter>
    </ClCompile>
    <ClCompile Include="level.cpp">
      <Filter>File processing</Filter>
    </ClCompile>
    <ClCompile Include="dialogue.cpp">
      <Filter>Decorations</Filter>
    </ClCompile>
    <ClCompile Include="game.cpp">
      <Filter>Исходные файлы</Filter>
    </ClCompile>
    <ClCompile Include="bomb.cpp">
      <Filter>Weapons</Filter>
    </ClCompile>
  </ItemGroup>
  <ItemGroup>
    <ClInclude Include="enemies.h">
      <Filter>Файлы заголовков</Filter>
    </ClInclude>
    <ClInclude Include="player.h">
      <Filter>Файлы заголовков</Filter>
    </ClInclude>
    <ClInclude Include="services.h">
      <Filter>Файлы заголовков</Filter>
    </ClInclude>
    <ClInclude Include="bow.h">
      <Filter>Weapons</Filter>
    </ClInclude>
    <ClInclude Include="castle.h">
      <Filter>Decorations</Filter>
    </ClInclude>
    <ClInclude Include="greeting.h">
      <Filter>Decorations</Filter>
    </ClInclude>
    <ClInclude Include="level.h">
      <Filter>File processing</Filter>
    </ClInclude>
    <ClInclude Include="dialogue.h">
      <Filter>Decorations</Filter>
    </ClInclude>
    <ClInclude Include="game.h">
      <Filter>Файлы заголовков</Filter>
    </ClInclude>
    <ClInclude Include="bomb.h">
      <Filter>Weapons</Filter>
    </ClInclude>
  </ItemGroup>
  <ItemGroup>
    <Text Include="level.txt">
      <Filter>Файлы ресурсов</Filter>
    </Text>
    <Text Include="bow.txt">
      <Filter>Файлы ресурсов</Filter>
    </Text>
    <Text Include="money.txt">
      <Filter>Файлы ресурсов</Filter>
    </Text>
  </ItemGroup>
</Project>